
Microsoft Visual Studio Solution File, Format Version 12.00
# Visual Studio Version 16
VisualStudioVersion = 16.0.32106.194
MinimumVisualStudioVersion = 10.0.40219.1
Project("{9A19103F-16F7-4668-BE54-9A1E7A4F7556}") = "DataAccess", "DataAccess\DataAccess.csproj", "{3109FB8E-3B37-4E29-A079-CC16C24556F2}"
EndProject
Project("{9A19103F-16F7-4668-BE54-9A1E7A4F7556}") = "Business", "Business\Business.csproj", "{4D0B40B5-E2F8-4666-9AC9-E28C580AB19B}"
EndProject
Project("{9A19103F-16F7-4668-BE54-9A1E7A4F7556}") = "Entities", "Entities\Entities.csproj", "{E5E2BF2F-D2E1-48A3-BF9F-E52D6211899E}"
EndProject
Project("{9A19103F-16F7-4668-BE54-9A1E7A4F7556}") = "ConsoleUI", "ConsoleUI\ConsoleUI.csproj", "{9A1CF38C-CC86-4BDD-9F9C-F98E0FEF1DE1}"
EndProject
Project("{9A19103F-16F7-4668-BE54-9A1E7A4F7556}") = "Core", "Core\Core.csproj", "{D862B227-7DC1-4659-A452-722F59574800}"
EndProject
Project("{FAE04EC0-301F-11D3-BF4B-00C04F79EFBC}") = "WebAPI", "WebAPI\WebAPI.csproj", "{251982AF-8808-4504-9862-0DA04D34FCDA}"
EndProject
Global
	GlobalSection(SolutionConfigurationPlatforms) = preSolution
		Debug|Any CPU = Debug|Any CPU
		Release|Any CPU = Release|Any CPU
	EndGlobalSection
	GlobalSection(ProjectConfigurationPlatforms) = postSolution
		{3109FB8E-3B37-4E29-A079-CC16C24556F2}.Debug|Any CPU.ActiveCfg = Debug|Any CPU
		{3109FB8E-3B37-4E29-A079-CC16C24556F2}.Debug|Any CPU.Build.0 = Debug|Any CPU
		{3109FB8E-3B37-4E29-A079-CC16C24556F2}.Release|Any CPU.ActiveCfg = Release|Any CPU
		{3109FB8E-3B37-4E29-A079-CC16C24556F2}.Release|Any CPU.Build.0 = Release|Any CPU
		{4D0B40B5-E2F8-4666-9AC9-E28C580AB19B}.Debug|Any CPU.ActiveCfg = Debug|Any CPU
		{4D0B40B5-E2F8-4666-9AC9-E28C580AB19B}.Debug|Any CPU.Build.0 = Debug|Any CPU
		{4D0B40B5-E2F8-4666-9AC9-E28C580AB19B}.Release|Any CPU.ActiveCfg = Release|Any CPU
		{4D0B40B5-E2F8-4666-9AC9-E28C580AB19B}.Release|Any CPU.Build.0 = Release|Any CPU
		{E5E2BF2F-D2E1-48A3-BF9F-E52D6211899E}.Debug|Any CPU.ActiveCfg = Debug|Any CPU
		{E5E2BF2F-D2E1-48A3-BF9F-E52D6211899E}.Debug|Any CPU.Build.0 = Debug|Any CPU
		{E5E2BF2F-D2E1-48A3-BF9F-E52D6211899E}.Release|Any CPU.ActiveCfg = Release|Any CPU
		{E5E2BF2F-D2E1-48A3-BF9F-E52D6211899E}.Release|Any CPU.Build.0 = Release|Any CPU
		{9A1CF38C-CC86-4BDD-9F9C-F98E0FEF1DE1}.Debug|Any CPU.ActiveCfg = Debug|Any CPU
		{9A1CF38C-CC86-4BDD-9F9C-F98E0FEF1DE1}.Debug|Any CPU.Build.0 = Debug|Any CPU
		{9A1CF38C-CC86-4BDD-9F9C-F98E0FEF1DE1}.Release|Any CPU.ActiveCfg = Release|Any CPU
		{9A1CF38C-CC86-4BDD-9F9C-F98E0FEF1DE1}.Release|Any CPU.Build.0 = Release|Any CPU
		{D862B227-7DC1-4659-A452-722F59574800}.Debug|Any CPU.ActiveCfg = Debug|Any CPU
		{D862B227-7DC1-4659-A452-722F59574800}.Debug|Any CPU.Build.0 = Debug|Any CPU
		{D862B227-7DC1-4659-A452-722F59574800}.Release|Any CPU.ActiveCfg = Release|Any CPU
		{D862B227-7DC1-4659-A452-722F59574800}.Release|Any CPU.Build.0 = Release|Any CPU
		{251982AF-8808-4504-9862-0DA04D34FCDA}.Debug|Any CPU.ActiveCfg = Debug|Any CPU
		{251982AF-8808-4504-9862-0DA04D34FCDA}.Debug|Any CPU.Build.0 = Debug|Any CPU
		{251982AF-8808-4504-9862-0DA04D34FCDA}.Release|Any CPU.ActiveCfg = Release|Any CPU
		{251982AF-8808-4504-9862-0DA04D34FCDA}.Release|Any CPU.Build.0 = Release|Any CPU
	EndGlobalSection
	GlobalSection(SolutionProperties) = preSolution
		HideSolutionNode = FALSE
	EndGlobalSection
	GlobalSection(ExtensibilityGlobals) = postSolution
		SolutionGuid = {41CA443B-5D64-4ADC-B204-C370D3BC6E76}
	EndGlobalSection
EndGlobal
